
Microsoft Visual Studio Solution File, Format Version 12.00
# Visual Studio Version 17
VisualStudioVersion = 17.5.002.0
MinimumVisualStudioVersion = 10.0.40219.1
Project("{9A19103F-16F7-4668-BE54-9A1E7A4F7556}") = "GitPrune", "GitPrune.csproj", "{F6593107-9522-4D79-A5B4-F5A90B64A837}"
EndProject
Global
	GlobalSection(SolutionConfigurationPlatforms) = preSolution
		Debug|Any CPU = Debug|Any CPU
		Release|Any CPU = Release|Any CPU
	EndGlobalSection
	GlobalSection(ProjectConfigurationPlatforms) = postSolution
		{F6593107-9522-4D79-A5B4-F5A90B64A837}.Debug|Any CPU.ActiveCfg = Debug|Any CPU
		{F6593107-9522-4D79-A5B4-F5A90B64A837}.Debug|Any CPU.Build.0 = Debug|Any CPU
		{F6593107-9522-4D79-A5B4-F5A90B64A837}.Release|Any CPU.ActiveCfg = Release|Any CPU
		{F6593107-9522-4D79-A5B4-F5A90B64A837}.Release|Any CPU.Build.0 = Release|Any CPU
	EndGlobalSection
	GlobalSection(SolutionProperties) = preSolution
		HideSolutionNode = FALSE
	EndGlobalSection
	GlobalSection(ExtensibilityGlobals) = postSolution
		SolutionGuid = {BE9CC693-86BF-466D-8D99-53BBE93F49D3}
	EndGlobalSection
EndGlobal
